
Microsoft Visual Studio Solution File, Format Version 12.00
# Visual Studio 15
VisualStudioVersion = 15.0.28307.902
MinimumVisualStudioVersion = 10.0.40219.1
Project("{FAE04EC0-301F-11D3-BF4B-00C04F79EFBC}") = "primeNumber", "primeNumber\primeNumber.csproj", "{02948401-940B-41AE-A505-F5C240CF7441}"
EndProject
Global
	GlobalSection(SolutionConfigurationPlatforms) = preSolution
		Debug|Any CPU = Debug|Any CPU
		Release|Any CPU = Release|Any CPU
	EndGlobalSection
	GlobalSection(ProjectConfigurationPlatforms) = postSolution
		{02948401-940B-41AE-A505-F5C240CF7441}.Debug|Any CPU.ActiveCfg = Debug|Any CPU
		{02948401-940B-41AE-A505-F5C240CF7441}.Debug|Any CPU.Build.0 = Debug|Any CPU
		{02948401-940B-41AE-A505-F5C240CF7441}.Release|Any CPU.ActiveCfg = Release|Any CPU
		{02948401-940B-41AE-A505-F5C240CF7441}.Release|Any CPU.Build.0 = Release|Any CPU
	EndGlobalSection
	GlobalSection(SolutionProperties) = preSolution
		HideSolutionNode = FALSE
	EndGlobalSection
	GlobalSection(ExtensibilityGlobals) = postSolution
		SolutionGuid = {F42EA46F-54D8-480E-9AF8-3D79C2AD9179}
	EndGlobalSection
EndGlobal
